
Microsoft Visual Studio Solution File, Format Version 12.00
# Visual Studio 14
VisualStudioVersion = 14.0.24720.0
MinimumVisualStudioVersion = 10.0.40219.1
Project("{8BC9CEB8-8B4A-11D0-8D11-00A0C91BC942}") = "Emuall", "Emuall\Emuall.vcxproj", "{34675B79-540F-4BEC-B031-F058B8188BEA}"
	ProjectSection(ProjectDependencies) = postProject
		{E29E3611-350B-4E8B-AE45-87428B26D7DE} = {E29E3611-350B-4E8B-AE45-87428B26D7DE}
		{A122A494-9AC9-4D75-8CA4-5A6835329F52} = {A122A494-9AC9-4D75-8CA4-5A6835329F52}
		{999C80BE-1F93-4F09-AC30-3144524018B2} = {999C80BE-1F93-4F09-AC30-3144524018B2}
	EndProjectSection
EndProject
Project("{8BC9CEB8-8B4A-11D0-8D11-00A0C91BC942}") = "GBemu", "GBemu\GBemu.vcxproj", "{E29E3611-350B-4E8B-AE45-87428B26D7DE}"
	ProjectSection(ProjectDependencies) = postProject
		{A122A494-9AC9-4D75-8CA4-5A6835329F52} = {A122A494-9AC9-4D75-8CA4-5A6835329F52}
		{999C80BE-1F93-4F09-AC30-3144524018B2} = {999C80BE-1F93-4F09-AC30-3144524018B2}
	EndProjectSection
EndProject
Project("{8BC9CEB8-8B4A-11D0-8D11-00A0C91BC942}") = "resourceCompiler", "resourceCompiler\resourceCompiler.vcxproj", "{A122A494-9AC9-4D75-8CA4-5A6835329F52}"
EndProject
Project("{8BC9CEB8-8B4A-11D0-8D11-00A0C91BC942}") = "Support", "Support\Support.vcxproj", "{999C80BE-1F93-4F09-AC30-3144524018B2}"
EndProject
Global
	GlobalSection(Performance) = preSolution
		HasPerformanceSessions = true
	EndGlobalSection
	GlobalSection(SolutionConfigurationPlatforms) = preSolution
		Debug inline|Win32 = Debug inline|Win32
		Debug inline|x64 = Debug inline|x64
		Debug|Win32 = Debug|Win32
		Debug|x64 = Debug|x64
		Release|Win32 = Release|Win32
		Release|x64 = Release|x64
	EndGlobalSection
	GlobalSection(ProjectConfigurationPlatforms) = postSolution
		{34675B79-540F-4BEC-B031-F058B8188BEA}.Debug inline|Win32.ActiveCfg = Debug inline|Win32
		{34675B79-540F-4BEC-B031-F058B8188BEA}.Debug inline|Win32.Build.0 = Debug inline|Win32
		{34675B79-540F-4BEC-B031-F058B8188BEA}.Debug inline|x64.ActiveCfg = Debug inline|x64
		{34675B79-540F-4BEC-B031-F058B8188BEA}.Debug inline|x64.Build.0 = Debug inline|x64
		{34675B79-540F-4BEC-B031-F058B8188BEA}.Debug|Win32.ActiveCfg = Debug|Win32
		{34675B79-540F-4BEC-B031-F058B8188BEA}.Debug|Win32.Build.0 = Debug|Win32
		{34675B79-540F-4BEC-B031-F058B8188BEA}.Debug|x64.ActiveCfg = Debug|x64
		{34675B79-540F-4BEC-B031-F058B8188BEA}.Debug|x64.Build.0 = Debug|x64
		{34675B79-540F-4BEC-B031-F058B8188BEA}.Release|Win32.ActiveCfg = Release wx|Win32
		{34675B79-540F-4BEC-B031-F058B8188BEA}.Release|Win32.Build.0 = Release wx|Win32
		{34675B79-540F-4BEC-B031-F058B8188BEA}.Release|Win32.Deploy.0 = Release wx|Win32
		{34675B79-540F-4BEC-B031-F058B8188BEA}.Release|x64.ActiveCfg = Release|x64
		{34675B79-540F-4BEC-B031-F058B8188BEA}.Release|x64.Build.0 = Release|x64
		{E29E3611-350B-4E8B-AE45-87428B26D7DE}.Debug inline|Win32.ActiveCfg = Debug inline|Win32
		{E29E3611-350B-4E8B-AE45-87428B26D7DE}.Debug inline|Win32.Build.0 = Debug inline|Win32
		{E29E3611-350B-4E8B-AE45-87428B26D7DE}.Debug inline|x64.ActiveCfg = Debug inline|x64
		{E29E3611-350B-4E8B-AE45-87428B26D7DE}.Debug inline|x64.Build.0 = Debug inline|x64
		{E29E3611-350B-4E8B-AE45-87428B26D7DE}.Debug|Win32.ActiveCfg = Debug|Win32
		{E29E3611-350B-4E8B-AE45-87428B26D7DE}.Debug|Win32.Build.0 = Debug|Win32
		{E29E3611-350B-4E8B-AE45-87428B26D7DE}.Debug|x64.ActiveCfg = Debug|x64
		{E29E3611-350B-4E8B-AE45-87428B26D7DE}.Debug|x64.Build.0 = Debug|x64
		{E29E3611-350B-4E8B-AE45-87428B26D7DE}.Release|Win32.ActiveCfg = Release wx|Win32
		{E29E3611-350B-4E8B-AE45-87428B26D7DE}.Release|Win32.Build.0 = Release wx|Win32
		{E29E3611-350B-4E8B-AE45-87428B26D7DE}.Release|x64.ActiveCfg = Release|x64
		{E29E3611-350B-4E8B-AE45-87428B26D7DE}.Release|x64.Build.0 = Release|x64
		{A122A494-9AC9-4D75-8CA4-5A6835329F52}.Debug inline|Win32.ActiveCfg = Release|Win32
		{A122A494-9AC9-4D75-8CA4-5A6835329F52}.Debug inline|Win32.Build.0 = Release|Win32
		{A122A494-9AC9-4D75-8CA4-5A6835329F52}.Debug inline|Win32.Deploy.0 = Release|Win32
		{A122A494-9AC9-4D75-8CA4-5A6835329F52}.Debug inline|x64.ActiveCfg = Release|x64
		{A122A494-9AC9-4D75-8CA4-5A6835329F52}.Debug inline|x64.Build.0 = Release|x64
		{A122A494-9AC9-4D75-8CA4-5A6835329F52}.Debug|Win32.ActiveCfg = Debug|Win32
		{A122A494-9AC9-4D75-8CA4-5A6835329F52}.Debug|Win32.Build.0 = Debug|Win32
		{A122A494-9AC9-4D75-8CA4-5A6835329F52}.Debug|x64.ActiveCfg = Release|x64
		{A122A494-9AC9-4D75-8CA4-5A6835329F52}.Debug|x64.Build.0 = Release|x64
		{A122A494-9AC9-4D75-8CA4-5A6835329F52}.Release|Win32.ActiveCfg = Release|Win32
		{A122A494-9AC9-4D75-8CA4-5A6835329F52}.Release|Win32.Build.0 = Release|Win32
		{A122A494-9AC9-4D75-8CA4-5A6835329F52}.Release|x64.ActiveCfg = Release|x64
		{A122A494-9AC9-4D75-8CA4-5A6835329F52}.Release|x64.Build.0 = Release|x64
		{999C80BE-1F93-4F09-AC30-3144524018B2}.Debug inline|Win32.ActiveCfg = Debug|Win32
		{999C80BE-1F93-4F09-AC30-3144524018B2}.Debug inline|Win32.Build.0 = Debug|Win32
		{999C80BE-1F93-4F09-AC30-3144524018B2}.Debug inline|x64.ActiveCfg = Debug|x64
		{999C80BE-1F93-4F09-AC30-3144524018B2}.Debug inline|x64.Build.0 = Debug|x64
		{999C80BE-1F93-4F09-AC30-3144524018B2}.Debug|Win32.ActiveCfg = Debug|Win32
		{999C80BE-1F93-4F09-AC30-3144524018B2}.Debug|Win32.Build.0 = Debug|Win32
		{999C80BE-1F93-4F09-AC30-3144524018B2}.Debug|x64.ActiveCfg = Debug|x64
		{999C80BE-1F93-4F09-AC30-3144524018B2}.Debug|x64.Build.0 = Debug|x64
		{999C80BE-1F93-4F09-AC30-3144524018B2}.Release|Win32.ActiveCfg = Release|Win32
		{999C80BE-1F93-4F09-AC30-3144524018B2}.Release|Win32.Build.0 = Release|Win32
		{999C80BE-1F93-4F09-AC30-3144524018B2}.Release|x64.ActiveCfg = Release|x64
		{999C80BE-1F93-4F09-AC30-3144524018B2}.Release|x64.Build.0 = Release|x64
	EndGlobalSection
	GlobalSection(SolutionProperties) = preSolution
		HideSolutionNode = FALSE
	EndGlobalSection
EndGlobal
