<?xml version="1.0" encoding="utf-8"?>
<Project ToolsVersion="4.0" xmlns="http://schemas.microsoft.com/developer/msbuild/2003">
  <ItemGroup>
    <Filter Include="Source Files">
      <UniqueIdentifier>{4FC737F1-C7A5-4376-A066-2A32D752A2FF}</UniqueIdentifier>
      <Extensions>cpp;c;cc;cxx;def;odl;idl;hpj;bat;asm;asmx</Extensions>
    </Filter>
    <Filter Include="Header Files">
      <UniqueIdentifier>{93995380-89BD-4b04-88EB-625FBE52EBFB}</UniqueIdentifier>
      <Extensions>h;hpp;hxx;hm;inl;inc;xsd</Extensions>
    </Filter>
    <Filter Include="Resource Files">
      <UniqueIdentifier>{67DA6AB6-F800-4c08-8B7A-83BB121AAD01}</UniqueIdentifier>
      <Extensions>rc;ico;cur;bmp;dlg;rc2;rct;bin;rgs;gif;jpg;jpeg;jpe;resx;tiff;tif;png;wav;mfcribbon-ms</Extensions>
    </Filter>
    <Filter Include="Header Files\Emulator">
      <UniqueIdentifier>{87630ceb-c300-4a0e-aaf4-38d70fc2baeb}</UniqueIdentifier>
    </Filter>
    <Filter Include="Source Files\Emulator">
      <UniqueIdentifier>{ed4d75e3-0502-473f-9a0b-35b413f8b831}</UniqueIdentifier>
    </Filter>
    <Filter Include="Header Files\gui">
      <UniqueIdentifier>{4198e943-15a5-4c14-81c9-1c40772d59c8}</UniqueIdentifier>
    </Filter>
    <Filter Include="Source Files\gui">
      <UniqueIdentifier>{3eaa8523-d5c5-4c9f-bd7a-5f82d2956a07}</UniqueIdentifier>
    </Filter>
    <Filter Include="Source Files\gui\debugger">
      <UniqueIdentifier>{519672e6-5198-48d6-99fc-1ab084ec57d6}</UniqueIdentifier>
    </Filter>
    <Filter Include="Source Files\util">
      <UniqueIdentifier>{0a2c38d7-b5fc-48a4-851d-5c2632ea0025}</UniqueIdentifier>
    </Filter>
    <Filter Include="Source Files\util\xml">
      <UniqueIdentifier>{26f877ea-2aa0-4049-aded-9c5a605926fa}</UniqueIdentifier>
    </Filter>
    <Filter Include="Header Files\gui\debugger">
      <UniqueIdentifier>{f9ca3c1e-9b90-4df4-9a6b-c2b3fc2d645f}</UniqueIdentifier>
    </Filter>
    <Filter Include="Header Files\util">
      <UniqueIdentifier>{7119525b-c994-42fb-b106-56456def8b9b}</UniqueIdentifier>
    </Filter>
    <Filter Include="Header Files\util\xml">
      <UniqueIdentifier>{4faffbbc-203f-4084-910d-aa839cb71f58}</UniqueIdentifier>
    </Filter>
  </ItemGroup>
  <ItemGroup>
    <ClCompile Include="emuAll.cpp">
      <Filter>Source Files</Filter>
    </ClCompile>
    <ClCompile Include="audio.cpp">
      <Filter>Source Files</Filter>
    </ClCompile>
    <ClCompile Include="keyhandler.cpp">
      <Filter>Source Files</Filter>
    </ClCompile>
    <ClCompile Include="Emulator\Emulator.cpp">
      <Filter>Source Files\Emulator</Filter>
    </ClCompile>
    <ClCompile Include="gui\cpuDebugger.cpp">
      <Filter>Source Files\gui</Filter>
    </ClCompile>
    <ClCompile Include="gui\DisView.cpp">
      <Filter>Source Files\gui</Filter>
    </ClCompile>
    <ClCompile Include="gui\GLPane.cpp">
      <Filter>Source Files\gui</Filter>
    </ClCompile>
    <ClCompile Include="gui\gpuDebugger.cpp">
      <Filter>Source Files\gui</Filter>
    </ClCompile>
    <ClCompile Include="gui\HexView.cpp">
      <Filter>Source Files\gui</Filter>
    </ClCompile>
    <ClCompile Include="gui\InputOptionsFrame.cpp">
      <Filter>Source Files\gui</Filter>
    </ClCompile>
    <ClCompile Include="gui\keyBindBox.cpp">
      <Filter>Source Files\gui</Filter>
    </ClCompile>
    <ClCompile Include="gui\MainFrame.cpp">
      <Filter>Source Files\gui</Filter>
    </ClCompile>
    <ClCompile Include="gui\memDebugger.cpp">
      <Filter>Source Files\gui</Filter>
    </ClCompile>
    <ClCompile Include="gui\debugger\DebuggerBoxSizer.cpp">
      <Filter>Source Files\gui\debugger</Filter>
    </ClCompile>
    <ClCompile Include="gui\debugger\DebuggerCheckbox.cpp">
      <Filter>Source Files\gui\debugger</Filter>
    </ClCompile>
    <ClCompile Include="gui\debugger\DebuggerColorbox.cpp">
      <Filter>Source Files\gui\debugger</Filter>
    </ClCompile>
    <ClCompile Include="gui\debugger\DebuggerGrid.cpp">
      <Filter>Source Files\gui\debugger</Filter>
    </ClCompile>
    <ClCompile Include="gui\debugger\DebuggerInfoList.cpp">
      <Filter>Source Files\gui\debugger</Filter>
    </ClCompile>
    <ClCompile Include="gui\debugger\DebuggerLabel.cpp">
      <Filter>Source Files\gui\debugger</Filter>
    </ClCompile>
    <ClCompile Include="gui\debugger\DebuggerManager.cpp">
      <Filter>Source Files\gui\debugger</Filter>
    </ClCompile>
    <ClCompile Include="gui\debugger\DebuggerNotebook.cpp">
      <Filter>Source Files\gui\debugger</Filter>
    </ClCompile>
    <ClCompile Include="gui\debugger\DebuggerRadioBox.cpp">
      <Filter>Source Files\gui\debugger</Filter>
    </ClCompile>
    <ClCompile Include="gui\debugger\DebuggerRoot.cpp">
      <Filter>Source Files\gui\debugger</Filter>
    </ClCompile>
    <ClCompile Include="gui\debugger\debuggerScreen.cpp">
      <Filter>Source Files\gui\debugger</Filter>
    </ClCompile>
    <ClCompile Include="util\dir.cpp">
      <Filter>Source Files\util</Filter>
    </ClCompile>
    <ClCompile Include="util\Log.cpp">
      <Filter>Source Files\util</Filter>
    </ClCompile>
    <ClCompile Include="util\Options.cpp">
      <Filter>Source Files\util</Filter>
    </ClCompile>
    <ClCompile Include="util\xml\pugixml.cpp">
      <Filter>Source Files\util\xml</Filter>
    </ClCompile>
    <ClCompile Include="Emulator\SaveFile.cpp">
      <Filter>Source Files\Emulator</Filter>
    </ClCompile>
    <ClCompile Include="util\Endian.c">
      <Filter>Source Files\util</Filter>
    </ClCompile>
  </ItemGroup>
  <ItemGroup>
    <ClInclude Include="emuAll.h">
      <Filter>Header Files</Filter>
    </ClInclude>
    <ClInclude Include="audio.h">
      <Filter>Header Files</Filter>
    </ClInclude>
    <ClInclude Include="keyhandler.h">
      <Filter>Header Files</Filter>
    </ClInclude>
    <ClInclude Include="Emulator\Emulator.h">
      <Filter>Header Files\Emulator</Filter>
    </ClInclude>
    <ClInclude Include="gui\debugger\DebuggerBoxSizer.h">
      <Filter>Header Files\gui\debugger</Filter>
    </ClInclude>
    <ClInclude Include="gui\debugger\DebuggerCheckbox.h">
      <Filter>Header Files\gui\debugger</Filter>
    </ClInclude>
    <ClInclude Include="gui\debugger\DebuggerColorbox.h">
      <Filter>Header Files\gui\debugger</Filter>
    </ClInclude>
    <ClInclude Include="gui\debugger\DebuggerElement.h">
      <Filter>Header Files\gui\debugger</Filter>
    </ClInclude>
    <ClInclude Include="gui\debugger\DebuggerGrid.h">
      <Filter>Header Files\gui\debugger</Filter>
    </ClInclude>
    <ClInclude Include="gui\debugger\debuggerInfoList.h">
      <Filter>Header Files\gui\debugger</Filter>
    </ClInclude>
    <ClInclude Include="gui\debugger\DebuggerLabel.h">
      <Filter>Header Files\gui\debugger</Filter>
    </ClInclude>
    <ClInclude Include="gui\debugger\DebuggerManager.h">
      <Filter>Header Files\gui\debugger</Filter>
    </ClInclude>
    <ClInclude Include="gui\debugger\DebuggerNotebook.h">
      <Filter>Header Files\gui\debugger</Filter>
    </ClInclude>
    <ClInclude Include="gui\debugger\DebuggerRadioBox.h">
      <Filter>Header Files\gui\debugger</Filter>
    </ClInclude>
    <ClInclude Include="gui\debugger\DebuggerRoot.h">
      <Filter>Header Files\gui\debugger</Filter>
    </ClInclude>
    <ClInclude Include="gui\debugger\DebuggerScreen.h">
      <Filter>Header Files\gui\debugger</Filter>
    </ClInclude>
    <ClInclude Include="gui\cpuDebugger.h">
      <Filter>Header Files\gui</Filter>
    </ClInclude>
    <ClInclude Include="gui\DisView.h">
      <Filter>Header Files\gui</Filter>
    </ClInclude>
    <ClInclude Include="gui\GLPane.h">
      <Filter>Header Files\gui</Filter>
    </ClInclude>
    <ClInclude Include="gui\gpuDebugger.h">
      <Filter>Header Files\gui</Filter>
    </ClInclude>
    <ClInclude Include="gui\HexView.h">
      <Filter>Header Files\gui</Filter>
    </ClInclude>
    <ClInclude Include="gui\IdList.h">
      <Filter>Header Files\gui</Filter>
    </ClInclude>
    <ClInclude Include="gui\InputOptionsFrame.h">
      <Filter>Header Files\gui</Filter>
    </ClInclude>
    <ClInclude Include="gui\MainFrame.h">
      <Filter>Header Files\gui</Filter>
    </ClInclude>
    <ClInclude Include="gui\memDebugger.h">
      <Filter>Header Files\gui</Filter>
    </ClInclude>
    <ClInclude Include="util\dir.h">
      <Filter>Header Files\util</Filter>
    </ClInclude>
    <ClInclude Include="util\log.h">
      <Filter>Header Files\util</Filter>
    </ClInclude>
    <ClInclude Include="util\memDbg.h">
      <Filter>Header Files\util</Filter>
    </ClInclude>
    <ClInclude Include="util\Options.h">
      <Filter>Header Files\util</Filter>
    </ClInclude>
    <ClInclude Include="util\os_call.h">
      <Filter>Header Files\util</Filter>
    </ClInclude>
    <ClInclude Include="util\xml\pugiconfig.hpp">
      <Filter>Header Files\util\xml</Filter>
    </ClInclude>
    <ClInclude Include="util\xml\pugixml.hpp">
      <Filter>Header Files\util\xml</Filter>
    </ClInclude>
    <ClInclude Include="util\logWx.h">
      <Filter>Header Files\util</Filter>
    </ClInclude>
    <ClInclude Include="gui\keyBindBox.h">
      <Filter>Header Files\gui</Filter>
    </ClInclude>
    <ClInclude Include="Emulator\SaveFile.h">
      <Filter>Header Files\Emulator</Filter>
    </ClInclude>
    <ClInclude Include="include\emu.h">
      <Filter>Header Files</Filter>
    </ClInclude>
    <ClInclude Include="util\Endian.h">
      <Filter>Header Files\util</Filter>
    </ClInclude>
  </ItemGroup>
</Project>